
Microsoft Visual Studio Solution File, Format Version 12.00
# Visual Studio 2013
VisualStudioVersion = 12.0.40629.0
MinimumVisualStudioVersion = 10.0.40219.1
Project("{8BC9CEB8-8B4A-11D0-8D11-00A0C91BC942}") = "huaweiTest", "huaweiTest\huaweiTest.vcxproj", "{31B40DC4-546E-4275-8513-8FB3B1CC7782}"
EndProject
Project("{8BC9CEB8-8B4A-11D0-8D11-00A0C91BC942}") = "05.radixTransfer", "radixTransfer\radixTransfer.vcxproj", "{DBC4427A-572B-434F-A788-CEBCA6E52DBE}"
EndProject
Project("{8BC9CEB8-8B4A-11D0-8D11-00A0C91BC942}") = "02-计算字符个数", "1-计算字符个数\1-计算字符个数.vcxproj", "{04A0B02E-8193-4E2B-8CFF-E426C7A9028A}"
EndProject
Project("{8BC9CEB8-8B4A-11D0-8D11-00A0C91BC942}") = "04.字符串分割", "3.字符串分割\3.字符串分割.vcxproj", "{616903BE-0287-455E-BDD6-5D46E062BE14}"
EndProject
Project("{8BC9CEB8-8B4A-11D0-8D11-00A0C91BC942}") = "06.质数因子", "质数因子\质数因子.vcxproj", "{834088B9-6C71-4211-AA9D-977AC47F7891}"
EndProject
Project("{8BC9CEB8-8B4A-11D0-8D11-00A0C91BC942}") = "03.明明随机数", "3.明明随机数\3.明明随机数.vcxproj", "{0565C2CF-91A5-42C8-8929-BC0F259DCA69}"
EndProject
Project("{8BC9CEB8-8B4A-11D0-8D11-00A0C91BC942}") = "07-合并表记录", "7-合并表记录\7-合并表记录.vcxproj", "{F344DCA4-7D12-44F0-963E-719BC6ADB72E}"
EndProject
Project("{8BC9CEB8-8B4A-11D0-8D11-00A0C91BC942}") = "08.不重复整数", "8.不重复整数\8.不重复整数.vcxproj", "{C3EF3891-7B6F-4E7F-927E-724677498770}"
EndProject
Project("{8BC9CEB8-8B4A-11D0-8D11-00A0C91BC942}") = "09.字符串字符个数", "9.字符串字符个数\9.字符串字符个数.vcxproj", "{4E81A0CA-B0D2-4C6E-9895-776CEE5F17E1}"
EndProject
Project("{8BC9CEB8-8B4A-11D0-8D11-00A0C91BC942}") = "10-11.数字-字符串颠倒", "10.数字颠倒\10.数字颠倒.vcxproj", "{3337141A-5590-486A-9586-115953AAB65D}"
EndProject
Project("{8BC9CEB8-8B4A-11D0-8D11-00A0C91BC942}") = "12.string单词逆序", "12.string单词逆序\12.string单词逆序.vcxproj", "{ACA1AD82-77D0-40C9-9D85-ACF7F65DECF6}"
EndProject
Project("{8BC9CEB8-8B4A-11D0-8D11-00A0C91BC942}") = "00.im-project", "00.im-project\00.im-project.vcxproj", "{22C7D3F0-C89C-44C2-B474-C2ECB09F150B}"
EndProject
Project("{8BC9CEB8-8B4A-11D0-8D11-00A0C91BC942}") = "13.数字二进制1个数", "13.数字二进制1个数\13.数字二进制1个数.vcxproj", "{2DDC15BA-33A2-4332-8963-9B7D424F5E3B}"
EndProject
Project("{8BC9CEB8-8B4A-11D0-8D11-00A0C91BC942}") = "15.坐标移动", "15.坐标移动\15.坐标移动.vcxproj", "{A78C219E-559F-4FCB-808E-41E9F8B9AD7F}"
EndProject
Project("{8BC9CEB8-8B4A-11D0-8D11-00A0C91BC942}") = "17.错误记录", "17.错误记录\17.错误记录.vcxproj", "{D6C82318-CD35-460F-8252-9298D0B1CBE8}"
EndProject
Project("{8BC9CEB8-8B4A-11D0-8D11-00A0C91BC942}") = "21.去除最少的字符", "21.去除最少的字符\21.去除最少的字符.vcxproj", "{B30DEB40-FF5D-4E21-B8F6-D9280081CD40}"
EndProject
Project("{8BC9CEB8-8B4A-11D0-8D11-00A0C91BC942}") = "22.合唱队 最长递增序列", "22.合唱队 最长递增序列\22.合唱队 最长递增序列.vcxproj", "{3C53EA66-C487-4D34-9612-F2A89D553516}"
EndProject
Project("{8BC9CEB8-8B4A-11D0-8D11-00A0C91BC942}") = "23.数据分类处理", "23.数据分类处理\23.数据分类处理.vcxproj", "{8CE519CF-DDAC-41FC-93BF-CC4FC41215DA}"
EndProject
Project("{8BC9CEB8-8B4A-11D0-8D11-00A0C91BC942}") = "24.查找兄弟单词", "24.查找兄弟单词\24.查找兄弟单词.vcxproj", "{5D576037-21BA-471B-9358-3A0D27848AEE}"
EndProject
Project("{8BC9CEB8-8B4A-11D0-8D11-00A0C91BC942}") = "25.素数伴侣--dp", "25.素数伴侣\25.素数伴侣.vcxproj", "{4FC017A8-7B34-4E57-88F4-790521B969A5}"
EndProject
Project("{8BC9CEB8-8B4A-11D0-8D11-00A0C91BC942}") = "26.字符串加解密", "26.字符串加解密\26.字符串加解密.vcxproj", "{4299760C-1BB5-4E0F-8CF8-AB3397A7AE35}"
EndProject
Project("{8BC9CEB8-8B4A-11D0-8D11-00A0C91BC942}") = "27.字符串合并 二进制翻转问题", "27.字符串合并 二进制翻转问题\27.字符串合并 二进制翻转问题.vcxproj", "{772DE365-E397-46E2-9D0C-8D8AD5F3A52B}"
EndProject
Project("{8BC9CEB8-8B4A-11D0-8D11-00A0C91BC942}") = "28.单词倒排", "28.单词倒排\28.单词倒排.vcxproj", "{DC17CE29-FF4F-44A2-A0FF-C168368C3A2E}"
EndProject
Project("{8BC9CEB8-8B4A-11D0-8D11-00A0C91BC942}") = "29.密码截取", "29.密码截取\29.密码截取.vcxproj", "{173E7952-C3C5-418F-A080-25C980A8D2A3}"
EndProject
Project("{8BC9CEB8-8B4A-11D0-8D11-00A0C91BC942}") = "30.图片整理--快排", "30.图片整理--快排\30.图片整理--快排.vcxproj", "{DC92591F-6B14-4603-9EAA-57943EFE7DAC}"
EndProject
Project("{8BC9CEB8-8B4A-11D0-8D11-00A0C91BC942}") = "31.迷宫-路径", "31.迷宫-路径\31.迷宫-路径.vcxproj", "{652BBF08-D932-4191-8F34-28F9C2B01E65}"
EndProject
Project("{8BC9CEB8-8B4A-11D0-8D11-00A0C91BC942}") = "32.称砝码-dp", "32.称砝码-dp\32.称砝码-dp.vcxproj", "{01631685-5823-4F2F-A58B-A949D069DE53}"
EndProject
Global
	GlobalSection(SolutionConfigurationPlatforms) = preSolution
		Debug|Win32 = Debug|Win32
		Release|Win32 = Release|Win32
	EndGlobalSection
	GlobalSection(ProjectConfigurationPlatforms) = postSolution
		{31B40DC4-546E-4275-8513-8FB3B1CC7782}.Debug|Win32.ActiveCfg = Debug|Win32
		{31B40DC4-546E-4275-8513-8FB3B1CC7782}.Debug|Win32.Build.0 = Debug|Win32
		{31B40DC4-546E-4275-8513-8FB3B1CC7782}.Release|Win32.ActiveCfg = Release|Win32
		{31B40DC4-546E-4275-8513-8FB3B1CC7782}.Release|Win32.Build.0 = Release|Win32
		{DBC4427A-572B-434F-A788-CEBCA6E52DBE}.Debug|Win32.ActiveCfg = Debug|Win32
		{DBC4427A-572B-434F-A788-CEBCA6E52DBE}.Debug|Win32.Build.0 = Debug|Win32
		{DBC4427A-572B-434F-A788-CEBCA6E52DBE}.Release|Win32.ActiveCfg = Release|Win32
		{DBC4427A-572B-434F-A788-CEBCA6E52DBE}.Release|Win32.Build.0 = Release|Win32
		{04A0B02E-8193-4E2B-8CFF-E426C7A9028A}.Debug|Win32.ActiveCfg = Debug|Win32
		{04A0B02E-8193-4E2B-8CFF-E426C7A9028A}.Debug|Win32.Build.0 = Debug|Win32
		{04A0B02E-8193-4E2B-8CFF-E426C7A9028A}.Release|Win32.ActiveCfg = Release|Win32
		{04A0B02E-8193-4E2B-8CFF-E426C7A9028A}.Release|Win32.Build.0 = Release|Win32
		{616903BE-0287-455E-BDD6-5D46E062BE14}.Debug|Win32.ActiveCfg = Debug|Win32
		{616903BE-0287-455E-BDD6-5D46E062BE14}.Debug|Win32.Build.0 = Debug|Win32
		{616903BE-0287-455E-BDD6-5D46E062BE14}.Release|Win32.ActiveCfg = Release|Win32
		{616903BE-0287-455E-BDD6-5D46E062BE14}.Release|Win32.Build.0 = Release|Win32
		{834088B9-6C71-4211-AA9D-977AC47F7891}.Debug|Win32.ActiveCfg = Debug|Win32
		{834088B9-6C71-4211-AA9D-977AC47F7891}.Debug|Win32.Build.0 = Debug|Win32
		{834088B9-6C71-4211-AA9D-977AC47F7891}.Release|Win32.ActiveCfg = Release|Win32
		{834088B9-6C71-4211-AA9D-977AC47F7891}.Release|Win32.Build.0 = Release|Win32
		{0565C2CF-91A5-42C8-8929-BC0F259DCA69}.Debug|Win32.ActiveCfg = Debug|Win32
		{0565C2CF-91A5-42C8-8929-BC0F259DCA69}.Debug|Win32.Build.0 = Debug|Win32
		{0565C2CF-91A5-42C8-8929-BC0F259DCA69}.Release|Win32.ActiveCfg = Release|Win32
		{0565C2CF-91A5-42C8-8929-BC0F259DCA69}.Release|Win32.Build.0 = Release|Win32
		{F344DCA4-7D12-44F0-963E-719BC6ADB72E}.Debug|Win32.ActiveCfg = Debug|Win32
		{F344DCA4-7D12-44F0-963E-719BC6ADB72E}.Debug|Win32.Build.0 = Debug|Win32
		{F344DCA4-7D12-44F0-963E-719BC6ADB72E}.Release|Win32.ActiveCfg = Release|Win32
		{F344DCA4-7D12-44F0-963E-719BC6ADB72E}.Release|Win32.Build.0 = Release|Win32
		{C3EF3891-7B6F-4E7F-927E-724677498770}.Debug|Win32.ActiveCfg = Debug|Win32
		{C3EF3891-7B6F-4E7F-927E-724677498770}.Debug|Win32.Build.0 = Debug|Win32
		{C3EF3891-7B6F-4E7F-927E-724677498770}.Release|Win32.ActiveCfg = Release|Win32
		{C3EF3891-7B6F-4E7F-927E-724677498770}.Release|Win32.Build.0 = Release|Win32
		{4E81A0CA-B0D2-4C6E-9895-776CEE5F17E1}.Debug|Win32.ActiveCfg = Debug|Win32
		{4E81A0CA-B0D2-4C6E-9895-776CEE5F17E1}.Debug|Win32.Build.0 = Debug|Win32
		{4E81A0CA-B0D2-4C6E-9895-776CEE5F17E1}.Release|Win32.ActiveCfg = Release|Win32
		{4E81A0CA-B0D2-4C6E-9895-776CEE5F17E1}.Release|Win32.Build.0 = Release|Win32
		{3337141A-5590-486A-9586-115953AAB65D}.Debug|Win32.ActiveCfg = Debug|Win32
		{3337141A-5590-486A-9586-115953AAB65D}.Debug|Win32.Build.0 = Debug|Win32
		{3337141A-5590-486A-9586-115953AAB65D}.Release|Win32.ActiveCfg = Release|Win32
		{3337141A-5590-486A-9586-115953AAB65D}.Release|Win32.Build.0 = Release|Win32
		{ACA1AD82-77D0-40C9-9D85-ACF7F65DECF6}.Debug|Win32.ActiveCfg = Debug|Win32
		{ACA1AD82-77D0-40C9-9D85-ACF7F65DECF6}.Debug|Win32.Build.0 = Debug|Win32
		{ACA1AD82-77D0-40C9-9D85-ACF7F65DECF6}.Release|Win32.ActiveCfg = Release|Win32
		{ACA1AD82-77D0-40C9-9D85-ACF7F65DECF6}.Release|Win32.Build.0 = Release|Win32
		{22C7D3F0-C89C-44C2-B474-C2ECB09F150B}.Debug|Win32.ActiveCfg = Debug|Win32
		{22C7D3F0-C89C-44C2-B474-C2ECB09F150B}.Debug|Win32.Build.0 = Debug|Win32
		{22C7D3F0-C89C-44C2-B474-C2ECB09F150B}.Release|Win32.ActiveCfg = Release|Win32
		{22C7D3F0-C89C-44C2-B474-C2ECB09F150B}.Release|Win32.Build.0 = Release|Win32
		{2DDC15BA-33A2-4332-8963-9B7D424F5E3B}.Debug|Win32.ActiveCfg = Debug|Win32
		{2DDC15BA-33A2-4332-8963-9B7D424F5E3B}.Debug|Win32.Build.0 = Debug|Win32
		{2DDC15BA-33A2-4332-8963-9B7D424F5E3B}.Release|Win32.ActiveCfg = Release|Win32
		{2DDC15BA-33A2-4332-8963-9B7D424F5E3B}.Release|Win32.Build.0 = Release|Win32
		{A78C219E-559F-4FCB-808E-41E9F8B9AD7F}.Debug|Win32.ActiveCfg = Debug|Win32
		{A78C219E-559F-4FCB-808E-41E9F8B9AD7F}.Debug|Win32.Build.0 = Debug|Win32
		{A78C219E-559F-4FCB-808E-41E9F8B9AD7F}.Release|Win32.ActiveCfg = Release|Win32
		{A78C219E-559F-4FCB-808E-41E9F8B9AD7F}.Release|Win32.Build.0 = Release|Win32
		{D6C82318-CD35-460F-8252-9298D0B1CBE8}.Debug|Win32.ActiveCfg = Debug|Win32
		{D6C82318-CD35-460F-8252-9298D0B1CBE8}.Debug|Win32.Build.0 = Debug|Win32
		{D6C82318-CD35-460F-8252-9298D0B1CBE8}.Release|Win32.ActiveCfg = Release|Win32
		{D6C82318-CD35-460F-8252-9298D0B1CBE8}.Release|Win32.Build.0 = Release|Win32
		{B30DEB40-FF5D-4E21-B8F6-D9280081CD40}.Debug|Win32.ActiveCfg = Debug|Win32
		{B30DEB40-FF5D-4E21-B8F6-D9280081CD40}.Debug|Win32.Build.0 = Debug|Win32
		{B30DEB40-FF5D-4E21-B8F6-D9280081CD40}.Release|Win32.ActiveCfg = Release|Win32
		{B30DEB40-FF5D-4E21-B8F6-D9280081CD40}.Release|Win32.Build.0 = Release|Win32
		{3C53EA66-C487-4D34-9612-F2A89D553516}.Debug|Win32.ActiveCfg = Debug|Win32
		{3C53EA66-C487-4D34-9612-F2A89D553516}.Debug|Win32.Build.0 = Debug|Win32
		{3C53EA66-C487-4D34-9612-F2A89D553516}.Release|Win32.ActiveCfg = Release|Win32
		{3C53EA66-C487-4D34-9612-F2A89D553516}.Release|Win32.Build.0 = Release|Win32
		{8CE519CF-DDAC-41FC-93BF-CC4FC41215DA}.Debug|Win32.ActiveCfg = Debug|Win32
		{8CE519CF-DDAC-41FC-93BF-CC4FC41215DA}.Debug|Win32.Build.0 = Debug|Win32
		{8CE519CF-DDAC-41FC-93BF-CC4FC41215DA}.Release|Win32.ActiveCfg = Release|Win32
		{8CE519CF-DDAC-41FC-93BF-CC4FC41215DA}.Release|Win32.Build.0 = Release|Win32
		{5D576037-21BA-471B-9358-3A0D27848AEE}.Debug|Win32.ActiveCfg = Debug|Win32
		{5D576037-21BA-471B-9358-3A0D27848AEE}.Debug|Win32.Build.0 = Debug|Win32
		{5D576037-21BA-471B-9358-3A0D27848AEE}.Release|Win32.ActiveCfg = Release|Win32
		{5D576037-21BA-471B-9358-3A0D27848AEE}.Release|Win32.Build.0 = Release|Win32
		{4FC017A8-7B34-4E57-88F4-790521B969A5}.Debug|Win32.ActiveCfg = Debug|Win32
		{4FC017A8-7B34-4E57-88F4-790521B969A5}.Debug|Win32.Build.0 = Debug|Win32
		{4FC017A8-7B34-4E57-88F4-790521B969A5}.Release|Win32.ActiveCfg = Release|Win32
		{4FC017A8-7B34-4E57-88F4-790521B969A5}.Release|Win32.Build.0 = Release|Win32
		{4299760C-1BB5-4E0F-8CF8-AB3397A7AE35}.Debug|Win32.ActiveCfg = Debug|Win32
		{4299760C-1BB5-4E0F-8CF8-AB3397A7AE35}.Debug|Win32.Build.0 = Debug|Win32
		{4299760C-1BB5-4E0F-8CF8-AB3397A7AE35}.Release|Win32.ActiveCfg = Release|Win32
		{4299760C-1BB5-4E0F-8CF8-AB3397A7AE35}.Release|Win32.Build.0 = Release|Win32
		{772DE365-E397-46E2-9D0C-8D8AD5F3A52B}.Debug|Win32.ActiveCfg = Debug|Win32
		{772DE365-E397-46E2-9D0C-8D8AD5F3A52B}.Debug|Win32.Build.0 = Debug|Win32
		{772DE365-E397-46E2-9D0C-8D8AD5F3A52B}.Release|Win32.ActiveCfg = Release|Win32
		{772DE365-E397-46E2-9D0C-8D8AD5F3A52B}.Release|Win32.Build.0 = Release|Win32
		{DC17CE29-FF4F-44A2-A0FF-C168368C3A2E}.Debug|Win32.ActiveCfg = Debug|Win32
		{DC17CE29-FF4F-44A2-A0FF-C168368C3A2E}.Debug|Win32.Build.0 = Debug|Win32
		{DC17CE29-FF4F-44A2-A0FF-C168368C3A2E}.Release|Win32.ActiveCfg = Release|Win32
		{DC17CE29-FF4F-44A2-A0FF-C168368C3A2E}.Release|Win32.Build.0 = Release|Win32
		{173E7952-C3C5-418F-A080-25C980A8D2A3}.Debug|Win32.ActiveCfg = Debug|Win32
		{173E7952-C3C5-418F-A080-25C980A8D2A3}.Debug|Win32.Build.0 = Debug|Win32
		{173E7952-C3C5-418F-A080-25C980A8D2A3}.Release|Win32.ActiveCfg = Release|Win32
		{173E7952-C3C5-418F-A080-25C980A8D2A3}.Release|Win32.Build.0 = Release|Win32
		{DC92591F-6B14-4603-9EAA-57943EFE7DAC}.Debug|Win32.ActiveCfg = Debug|Win32
		{DC92591F-6B14-4603-9EAA-57943EFE7DAC}.Debug|Win32.Build.0 = Debug|Win32
		{DC92591F-6B14-4603-9EAA-57943EFE7DAC}.Release|Win32.ActiveCfg = Release|Win32
		{DC92591F-6B14-4603-9EAA-57943EFE7DAC}.Release|Win32.Build.0 = Release|Win32
		{652BBF08-D932-4191-8F34-28F9C2B01E65}.Debug|Win32.ActiveCfg = Debug|Win32
		{652BBF08-D932-4191-8F34-28F9C2B01E65}.Debug|Win32.Build.0 = Debug|Win32
		{652BBF08-D932-4191-8F34-28F9C2B01E65}.Release|Win32.ActiveCfg = Release|Win32
		{652BBF08-D932-4191-8F34-28F9C2B01E65}.Release|Win32.Build.0 = Release|Win32
		{01631685-5823-4F2F-A58B-A949D069DE53}.Debug|Win32.ActiveCfg = Debug|Win32
		{01631685-5823-4F2F-A58B-A949D069DE53}.Debug|Win32.Build.0 = Debug|Win32
		{01631685-5823-4F2F-A58B-A949D069DE53}.Release|Win32.ActiveCfg = Release|Win32
		{01631685-5823-4F2F-A58B-A949D069DE53}.Release|Win32.Build.0 = Release|Win32
	EndGlobalSection
	GlobalSection(SolutionProperties) = preSolution
		HideSolutionNode = FALSE
	EndGlobalSection
EndGlobal
